
Microsoft Visual Studio Solution File, Format Version 12.00
# Visual Studio Version 17
VisualStudioVersion = 17.0.31903.59
MinimumVisualStudioVersion = 10.0.40219.1
Project("{2150E333-8FDC-42A3-9474-1A3956D46DE8}") = "src", "src", "{3F00768B-A869-4FB2-968A-EE72320CDA8F}"
EndProject
Project("{FAE04EC0-301F-11D3-BF4B-00C04F79EFBC}") = "EMSApp.Api", "src\EMSApp.Api\EMSApp.Api.csproj", "{191FDC26-17EB-45C0-8F39-5393A81DC3D2}"
EndProject
Project("{FAE04EC0-301F-11D3-BF4B-00C04F79EFBC}") = "EMSApp.Application", "src\EMSApp.Application\EMSApp.Application.csproj", "{69A844FC-7A8D-417C-BF9E-2D8147795B3B}"
EndProject
Project("{FAE04EC0-301F-11D3-BF4B-00C04F79EFBC}") = "EMSApp.Domain", "src\EMSApp.Domain\EMSApp.Domain.csproj", "{71307AC7-1738-447B-A342-7E342C60CAA8}"
EndProject
Project("{FAE04EC0-301F-11D3-BF4B-00C04F79EFBC}") = "EMSApp.Infrastructure", "src\EMSApp.Infrastructure\EMSApp.Infrastructure.csproj", "{CE6407FD-724A-4B15-8B1F-062DFD1BB022}"
EndProject
Project("{FAE04EC0-301F-11D3-BF4B-00C04F79EFBC}") = "EMSApp.Tests", "src\EMSApp.Tests\EMSApp.Tests.csproj", "{2AB85114-C303-46EB-A688-EC6C031E0F22}"
EndProject
Global
	GlobalSection(SolutionConfigurationPlatforms) = preSolution
		Debug|Any CPU = Debug|Any CPU
		Release|Any CPU = Release|Any CPU
	EndGlobalSection
	GlobalSection(SolutionProperties) = preSolution
		HideSolutionNode = FALSE
	EndGlobalSection
	GlobalSection(ProjectConfigurationPlatforms) = postSolution
		{191FDC26-17EB-45C0-8F39-5393A81DC3D2}.Debug|Any CPU.ActiveCfg = Debug|Any CPU
		{191FDC26-17EB-45C0-8F39-5393A81DC3D2}.Debug|Any CPU.Build.0 = Debug|Any CPU
		{191FDC26-17EB-45C0-8F39-5393A81DC3D2}.Release|Any CPU.ActiveCfg = Release|Any CPU
		{191FDC26-17EB-45C0-8F39-5393A81DC3D2}.Release|Any CPU.Build.0 = Release|Any CPU
		{69A844FC-7A8D-417C-BF9E-2D8147795B3B}.Debug|Any CPU.ActiveCfg = Debug|Any CPU
		{69A844FC-7A8D-417C-BF9E-2D8147795B3B}.Debug|Any CPU.Build.0 = Debug|Any CPU
		{69A844FC-7A8D-417C-BF9E-2D8147795B3B}.Release|Any CPU.ActiveCfg = Release|Any CPU
		{69A844FC-7A8D-417C-BF9E-2D8147795B3B}.Release|Any CPU.Build.0 = Release|Any CPU
		{71307AC7-1738-447B-A342-7E342C60CAA8}.Debug|Any CPU.ActiveCfg = Debug|Any CPU
		{71307AC7-1738-447B-A342-7E342C60CAA8}.Debug|Any CPU.Build.0 = Debug|Any CPU
		{71307AC7-1738-447B-A342-7E342C60CAA8}.Release|Any CPU.ActiveCfg = Release|Any CPU
		{71307AC7-1738-447B-A342-7E342C60CAA8}.Release|Any CPU.Build.0 = Release|Any CPU
		{CE6407FD-724A-4B15-8B1F-062DFD1BB022}.Debug|Any CPU.ActiveCfg = Debug|Any CPU
		{CE6407FD-724A-4B15-8B1F-062DFD1BB022}.Debug|Any CPU.Build.0 = Debug|Any CPU
		{CE6407FD-724A-4B15-8B1F-062DFD1BB022}.Release|Any CPU.ActiveCfg = Release|Any CPU
		{CE6407FD-724A-4B15-8B1F-062DFD1BB022}.Release|Any CPU.Build.0 = Release|Any CPU
		{2AB85114-C303-46EB-A688-EC6C031E0F22}.Debug|Any CPU.ActiveCfg = Debug|Any CPU
		{2AB85114-C303-46EB-A688-EC6C031E0F22}.Debug|Any CPU.Build.0 = Debug|Any CPU
		{2AB85114-C303-46EB-A688-EC6C031E0F22}.Release|Any CPU.ActiveCfg = Release|Any CPU
		{2AB85114-C303-46EB-A688-EC6C031E0F22}.Release|Any CPU.Build.0 = Release|Any CPU
	EndGlobalSection
	GlobalSection(NestedProjects) = preSolution
		{191FDC26-17EB-45C0-8F39-5393A81DC3D2} = {3F00768B-A869-4FB2-968A-EE72320CDA8F}
		{69A844FC-7A8D-417C-BF9E-2D8147795B3B} = {3F00768B-A869-4FB2-968A-EE72320CDA8F}
		{71307AC7-1738-447B-A342-7E342C60CAA8} = {3F00768B-A869-4FB2-968A-EE72320CDA8F}
		{CE6407FD-724A-4B15-8B1F-062DFD1BB022} = {3F00768B-A869-4FB2-968A-EE72320CDA8F}
		{2AB85114-C303-46EB-A688-EC6C031E0F22} = {3F00768B-A869-4FB2-968A-EE72320CDA8F}
	EndGlobalSection
EndGlobal
